
Microsoft Visual Studio Solution File, Format Version 12.00
# Visual Studio Version 17
VisualStudioVersion = 17.4.33213.308
MinimumVisualStudioVersion = 10.0.40219.1
Project("{FAE04EC0-301F-11D3-BF4B-00C04F79EFBC}") = "PDFMonkeyOnDotnet", "pdfmonkey-on-dotnet\PDFMonkeyOnDotnet.csproj", "{98DFF9CE-8F7E-42A0-B358-3AF804B6B92A}"
EndProject
Project("{FAE04EC0-301F-11D3-BF4B-00C04F79EFBC}") = "Entities", "Entities\Entities.csproj", "{C16EF71F-87C0-4EC7-95B0-7C3F53D28D83}"
EndProject
Project("{FAE04EC0-301F-11D3-BF4B-00C04F79EFBC}") = "Helpers", "Helpers\Helpers.csproj", "{9E5E17D8-F34E-4235-9333-65FD0136EE03}"
EndProject
Global
	GlobalSection(SolutionConfigurationPlatforms) = preSolution
		Debug|Any CPU = Debug|Any CPU
		Release|Any CPU = Release|Any CPU
	EndGlobalSection
	GlobalSection(ProjectConfigurationPlatforms) = postSolution
		{98DFF9CE-8F7E-42A0-B358-3AF804B6B92A}.Debug|Any CPU.ActiveCfg = Debug|Any CPU
		{98DFF9CE-8F7E-42A0-B358-3AF804B6B92A}.Debug|Any CPU.Build.0 = Debug|Any CPU
		{98DFF9CE-8F7E-42A0-B358-3AF804B6B92A}.Release|Any CPU.ActiveCfg = Release|Any CPU
		{98DFF9CE-8F7E-42A0-B358-3AF804B6B92A}.Release|Any CPU.Build.0 = Release|Any CPU
		{C16EF71F-87C0-4EC7-95B0-7C3F53D28D83}.Debug|Any CPU.ActiveCfg = Debug|Any CPU
		{C16EF71F-87C0-4EC7-95B0-7C3F53D28D83}.Debug|Any CPU.Build.0 = Debug|Any CPU
		{C16EF71F-87C0-4EC7-95B0-7C3F53D28D83}.Release|Any CPU.ActiveCfg = Release|Any CPU
		{C16EF71F-87C0-4EC7-95B0-7C3F53D28D83}.Release|Any CPU.Build.0 = Release|Any CPU
		{9E5E17D8-F34E-4235-9333-65FD0136EE03}.Debug|Any CPU.ActiveCfg = Debug|Any CPU
		{9E5E17D8-F34E-4235-9333-65FD0136EE03}.Debug|Any CPU.Build.0 = Debug|Any CPU
		{9E5E17D8-F34E-4235-9333-65FD0136EE03}.Release|Any CPU.ActiveCfg = Release|Any CPU
		{9E5E17D8-F34E-4235-9333-65FD0136EE03}.Release|Any CPU.Build.0 = Release|Any CPU
	EndGlobalSection
	GlobalSection(SolutionProperties) = preSolution
		HideSolutionNode = FALSE
	EndGlobalSection
	GlobalSection(ExtensibilityGlobals) = postSolution
		SolutionGuid = {4BBA024F-9DA7-45D9-B642-E112C1736D93}
	EndGlobalSection
EndGlobal
